
Microsoft Visual Studio Solution File, Format Version 12.00
# Visual Studio Version 17
VisualStudioVersion = 17.2.32317.152
MinimumVisualStudioVersion = 10.0.40219.1
Project("{2150E333-8FDC-42A3-9474-1A3956D46DE8}") = "BL", "BL", "{C4441242-5C93-46F2-9FAA-0EFEB02479AA}"
EndProject
Project("{2150E333-8FDC-42A3-9474-1A3956D46DE8}") = "Data", "Data", "{C908242C-7970-4169-9640-F69A28CED2DD}"
EndProject
Project("{9A19103F-16F7-4668-BE54-9A1E7A4F7556}") = "Dreamers.Common", "dreamers.common\Dreamers.Common.csproj", "{7612BA6F-4477-46B0-B8DC-CBCFA85D61F4}"
EndProject
Project("{9A19103F-16F7-4668-BE54-9A1E7A4F7556}") = "Dreamers.Application", "dreamers.application\Dreamers.Application.csproj", "{BA543FF3-E973-4F1D-B153-FE05CA4BD1AA}"
EndProject
Project("{9A19103F-16F7-4668-BE54-9A1E7A4F7556}") = "Dreamers.Infra.Data", "dreamers.infra.data\Dreamers.Infra.Data.csproj", "{DF536790-8342-4B21-B64D-38E167B227CF}"
EndProject
Project("{9A19103F-16F7-4668-BE54-9A1E7A4F7556}") = "Dreamers.Aura.Api", "Dreamers.Aura.Api\Dreamers.Aura.Api.csproj", "{B72C62DD-5868-46B1-8B98-ECBEC7CE89B6}"
EndProject
Project("{9A19103F-16F7-4668-BE54-9A1E7A4F7556}") = "Dreamers.Domain", "dreamers.Domain\Dreamers.Domain.csproj", "{40A9F8F7-8910-46B4-8D77-62F5A1FFE424}"
EndProject
Project("{FAE04EC0-301F-11D3-BF4B-00C04F79EFBC}") = "Dreamers.Infra", "Dreamers.Infra\Dreamers.Infra.csproj", "{A72B12DE-C3A1-4B48-8FB5-876631499F36}"
EndProject
Project("{2150E333-8FDC-42A3-9474-1A3956D46DE8}") = "Infra", "Infra", "{C0DFD691-37DA-4CE8-8BAD-86C68F951BB1}"
EndProject
Global
	GlobalSection(SolutionConfigurationPlatforms) = preSolution
		Debug|Any CPU = Debug|Any CPU
		Release|Any CPU = Release|Any CPU
	EndGlobalSection
	GlobalSection(ProjectConfigurationPlatforms) = postSolution
		{7612BA6F-4477-46B0-B8DC-CBCFA85D61F4}.Debug|Any CPU.ActiveCfg = Debug|Any CPU
		{7612BA6F-4477-46B0-B8DC-CBCFA85D61F4}.Debug|Any CPU.Build.0 = Debug|Any CPU
		{7612BA6F-4477-46B0-B8DC-CBCFA85D61F4}.Release|Any CPU.ActiveCfg = Release|Any CPU
		{7612BA6F-4477-46B0-B8DC-CBCFA85D61F4}.Release|Any CPU.Build.0 = Release|Any CPU
		{BA543FF3-E973-4F1D-B153-FE05CA4BD1AA}.Debug|Any CPU.ActiveCfg = Debug|Any CPU
		{BA543FF3-E973-4F1D-B153-FE05CA4BD1AA}.Debug|Any CPU.Build.0 = Debug|Any CPU
		{BA543FF3-E973-4F1D-B153-FE05CA4BD1AA}.Release|Any CPU.ActiveCfg = Release|Any CPU
		{BA543FF3-E973-4F1D-B153-FE05CA4BD1AA}.Release|Any CPU.Build.0 = Release|Any CPU
		{DF536790-8342-4B21-B64D-38E167B227CF}.Debug|Any CPU.ActiveCfg = Debug|Any CPU
		{DF536790-8342-4B21-B64D-38E167B227CF}.Debug|Any CPU.Build.0 = Debug|Any CPU
		{DF536790-8342-4B21-B64D-38E167B227CF}.Release|Any CPU.ActiveCfg = Release|Any CPU
		{DF536790-8342-4B21-B64D-38E167B227CF}.Release|Any CPU.Build.0 = Release|Any CPU
		{B72C62DD-5868-46B1-8B98-ECBEC7CE89B6}.Debug|Any CPU.ActiveCfg = Debug|Any CPU
		{B72C62DD-5868-46B1-8B98-ECBEC7CE89B6}.Debug|Any CPU.Build.0 = Debug|Any CPU
		{B72C62DD-5868-46B1-8B98-ECBEC7CE89B6}.Release|Any CPU.ActiveCfg = Release|Any CPU
		{B72C62DD-5868-46B1-8B98-ECBEC7CE89B6}.Release|Any CPU.Build.0 = Release|Any CPU
		{40A9F8F7-8910-46B4-8D77-62F5A1FFE424}.Debug|Any CPU.ActiveCfg = Debug|Any CPU
		{40A9F8F7-8910-46B4-8D77-62F5A1FFE424}.Debug|Any CPU.Build.0 = Debug|Any CPU
		{40A9F8F7-8910-46B4-8D77-62F5A1FFE424}.Release|Any CPU.ActiveCfg = Release|Any CPU
		{40A9F8F7-8910-46B4-8D77-62F5A1FFE424}.Release|Any CPU.Build.0 = Release|Any CPU
		{A72B12DE-C3A1-4B48-8FB5-876631499F36}.Debug|Any CPU.ActiveCfg = Debug|Any CPU
		{A72B12DE-C3A1-4B48-8FB5-876631499F36}.Debug|Any CPU.Build.0 = Debug|Any CPU
		{A72B12DE-C3A1-4B48-8FB5-876631499F36}.Release|Any CPU.ActiveCfg = Release|Any CPU
		{A72B12DE-C3A1-4B48-8FB5-876631499F36}.Release|Any CPU.Build.0 = Release|Any CPU
	EndGlobalSection
	GlobalSection(SolutionProperties) = preSolution
		HideSolutionNode = FALSE
	EndGlobalSection
	GlobalSection(NestedProjects) = preSolution
		{7612BA6F-4477-46B0-B8DC-CBCFA85D61F4} = {C4441242-5C93-46F2-9FAA-0EFEB02479AA}
		{BA543FF3-E973-4F1D-B153-FE05CA4BD1AA} = {C4441242-5C93-46F2-9FAA-0EFEB02479AA}
		{DF536790-8342-4B21-B64D-38E167B227CF} = {C908242C-7970-4169-9640-F69A28CED2DD}
		{40A9F8F7-8910-46B4-8D77-62F5A1FFE424} = {C4441242-5C93-46F2-9FAA-0EFEB02479AA}
		{A72B12DE-C3A1-4B48-8FB5-876631499F36} = {C0DFD691-37DA-4CE8-8BAD-86C68F951BB1}
	EndGlobalSection
	GlobalSection(ExtensibilityGlobals) = postSolution
		SolutionGuid = {B9C45DB9-485F-43FE-A85F-2C510D33E771}
	EndGlobalSection
EndGlobal
